
Microsoft Visual Studio Solution File, Format Version 12.00
# Visual Studio 2013
VisualStudioVersion = 12.0.30501.0
MinimumVisualStudioVersion = 10.0.40219.1
Project("{FAE04EC0-301F-11D3-BF4B-00C04F79EFBC}") = "NJCCEvents", "NJCCEvents\NJCCEvents.csproj", "{6D1BC2DB-B006-4094-8C9A-8FB903436AD7}"
EndProject
Project("{FAE04EC0-301F-11D3-BF4B-00C04F79EFBC}") = "NJCCEvents.SharePoint", "NJCCEvents.SharePoint\NJCCEvents.SharePoint.csproj", "{2A070D66-6DA6-4F9A-859F-757666760588}"
EndProject
Global
	GlobalSection(TeamFoundationVersionControl) = preSolution
		SccNumberOfProjects = 3
		SccEnterpriseProvider = {4CA58AB2-18FA-4F8D-95D4-32DDF27D184C}
		SccTeamFoundationServer = http://dev-sccm:8080/tfs/sharepointapps
		SccLocalPath0 = .
		SccProjectUniqueName1 = NJCCEvents.SharePoint\\NJCCEvents.SharePoint.csproj
		SccProjectName1 = NJCCEvents.SharePoint
		SccLocalPath1 = NJCCEvents.SharePoint
		SccProjectUniqueName2 = NJCCEvents\\NJCCEvents.csproj
		SccProjectName2 = NJCCEvents
		SccLocalPath2 = NJCCEvents
	EndGlobalSection
	GlobalSection(SolutionConfigurationPlatforms) = preSolution
		Debug|Any CPU = Debug|Any CPU
		Release|Any CPU = Release|Any CPU
	EndGlobalSection
	GlobalSection(ProjectConfigurationPlatforms) = postSolution
		{6D1BC2DB-B006-4094-8C9A-8FB903436AD7}.Debug|Any CPU.ActiveCfg = Debug|Any CPU
		{6D1BC2DB-B006-4094-8C9A-8FB903436AD7}.Debug|Any CPU.Build.0 = Debug|Any CPU
		{6D1BC2DB-B006-4094-8C9A-8FB903436AD7}.Release|Any CPU.ActiveCfg = Release|Any CPU
		{6D1BC2DB-B006-4094-8C9A-8FB903436AD7}.Release|Any CPU.Build.0 = Release|Any CPU
		{2A070D66-6DA6-4F9A-859F-757666760588}.Debug|Any CPU.ActiveCfg = Debug|Any CPU
		{2A070D66-6DA6-4F9A-859F-757666760588}.Debug|Any CPU.Build.0 = Debug|Any CPU
		{2A070D66-6DA6-4F9A-859F-757666760588}.Debug|Any CPU.Deploy.0 = Debug|Any CPU
		{2A070D66-6DA6-4F9A-859F-757666760588}.Release|Any CPU.ActiveCfg = Release|Any CPU
		{2A070D66-6DA6-4F9A-859F-757666760588}.Release|Any CPU.Build.0 = Release|Any CPU
		{2A070D66-6DA6-4F9A-859F-757666760588}.Release|Any CPU.Deploy.0 = Release|Any CPU
	EndGlobalSection
	GlobalSection(SolutionProperties) = preSolution
		HideSolutionNode = FALSE
	EndGlobalSection
EndGlobal
